# THIS IS AN AUTOGENERATED FILE. DO NOT EDIT THIS FILE DIRECTLY.
# yarn lockfile v1


amdefine@>=0.0.4:
  version "1.0.1"
  resolved "https://registry.yarnpkg.com/amdefine/-/amdefine-1.0.1.tgz#4a5282ac164729e93619bcfd3ad151f817ce91f5"
  integrity sha512-S2Hw0TtNkMJhIabBwIojKL9YHO5T0n5eNqWJ7Lrlel/zDbftQpxpapi8tZs3X1HWa+u+QeydGmzzNU0m09+Rcg==

async@~0.2.6:
  version "0.2.10"
  resolved "https://registry.yarnpkg.com/async/-/async-0.2.10.tgz#b6bbe0b0674b9d719708ca38de8c237cb526c3d1"
  integrity sha512-eAkdoKxU6/LkKDBzLpT+t6Ff5EtfSF4wx1WfJiPEEV7WNLnDaRXk0oVysiEPm262roaachGexwUv94WhSgN5TQ==

handlebars@2.0.0-alpha.2:
  version "2.0.0-alpha.2"
  resolved "https://registry.yarnpkg.com/handlebars/-/handlebars-2.0.0-alpha.2.tgz#ceb96d6023181345588173ca2b7b8c92e3f4c5b2"
  integrity sha512-I1hrRfAul+WxKR0XClAd29lNbIr8XXZPB4j7yQjYcMqBNdW1Y6gK3eFhIq0NZ9Md6OdKl4ytjXhT1V86taNzSg==
  dependencies:
    optimist "~0.3"
  optionalDependencies:
    uglify-js "~2.3"

optimist@~0.3, optimist@~0.3.5:
  version "0.3.7"
  resolved "https://registry.yarnpkg.com/optimist/-/optimist-0.3.7.tgz#c90941ad59e4273328923074d2cf2e7cbc6ec0d9"
  integrity sha512-TCx0dXQzVtSCg2OgY/bO9hjM9cV4XYx09TVK+s3+FhkjT6LovsLe+pPMzpWf+6yXK/hUizs2gUoTw3jHM0VaTQ==
  dependencies:
    wordwrap "~0.0.2"

retype@^0.2.0:
  version "0.2.0"
  resolved "https://registry.yarnpkg.com/retype/-/retype-0.2.0.tgz#74f2f501851673f2fa910996fec8ab7ef0b81081"
  integrity sha512-1daDMCVn3NjnAwNIOqUcaxQyxCIm0Rp8MBBh4JW7a1IgBkoO/tN2yKW5Iu9gHxub8zPO2XHzRqUMstgQbV4biQ==
  dependencies:
    handlebars "2.0.0-alpha.2"
    xmldom "0.1.19"

retypeapp@^2.4.0:
  version "2.4.0"
  resolved "https://registry.yarnpkg.com/retypeapp/-/retypeapp-2.4.0.tgz#a794e3185f2ea04d22b8948df1a3d9a971d78b78"
  integrity sha512-vEND+JC0EtK1nws958J108Z14Enfvt84bYeycaLa6eCZjsVzqV4Xe6hl7amYILycp7ld0x2uhx4Wh7iVlcdoCg==

source-map@~0.1.7:
  version "0.1.43"
  resolved "https://registry.yarnpkg.com/source-map/-/source-map-0.1.43.tgz#c24bc146ca517c1471f5dacbe2571b2b7f9e3346"
  integrity sha512-VtCvB9SIQhk3aF6h+N85EaqIaBFIAfZ9Cu+NJHHVvc8BbEcnvDcFw6sqQ2dQrT6SlOrZq3tIvyD9+EGq/lJryQ==
  dependencies:
    amdefine ">=0.0.4"

uglify-js@~2.3:
  version "2.3.6"
  resolved "https://registry.yarnpkg.com/uglify-js/-/uglify-js-2.3.6.tgz#fa0984770b428b7a9b2a8058f46355d14fef211a"
  integrity sha512-T2LWWydxf5+Btpb0S/Gg/yKFmYjnX9jtQ4mdN9YRq73BhN21EhU0Dvw3wYDLqd3TooGUJlCKf3Gfyjjy/RTcWA==
  dependencies:
    async "~0.2.6"
    optimist "~0.3.5"
    source-map "~0.1.7"

wordwrap@~0.0.2:
  version "0.0.3"
  resolved "https://registry.yarnpkg.com/wordwrap/-/wordwrap-0.0.3.tgz#a3d5da6cd5c0bc0008d37234bbaf1bed63059107"
  integrity sha512-1tMA907+V4QmxV7dbRvb4/8MaRALK6q9Abid3ndMYnbyo8piisCmeONVqVSXqQA3KaP4SLt5b7ud6E2sqP8TFw==

xmldom@0.1.19:
  version "0.1.19"
  resolved "https://registry.yarnpkg.com/xmldom/-/xmldom-0.1.19.tgz#631fc07776efd84118bf25171b37ed4d075a0abc"
  integrity sha512-pDyxjQSFQgNHkU+yjvoF+GXVGJU7e9EnOg/KcGMDihBIKjTsOeDYaECwC/O9bsUWKY+Sd9izfE43JXC46EOHKA==
